
Microsoft Visual Studio Solution File, Format Version 12.00
# Visual Studio Version 16
VisualStudioVersion = 16.0.28803.202
MinimumVisualStudioVersion = 10.0.40219.1
Project("{FAE04EC0-301F-11D3-BF4B-00C04F79EFBC}") = "pruebainsert", "pruebainsert\pruebainsert.csproj", "{037FC3BA-3714-40BB-978D-EADFA3881521}"
EndProject
Global
	GlobalSection(SolutionConfigurationPlatforms) = preSolution
		Debug|Any CPU = Debug|Any CPU
		Release|Any CPU = Release|Any CPU
	EndGlobalSection
	GlobalSection(ProjectConfigurationPlatforms) = postSolution
		{037FC3BA-3714-40BB-978D-EADFA3881521}.Debug|Any CPU.ActiveCfg = Debug|Any CPU
		{037FC3BA-3714-40BB-978D-EADFA3881521}.Debug|Any CPU.Build.0 = Debug|Any CPU
		{037FC3BA-3714-40BB-978D-EADFA3881521}.Release|Any CPU.ActiveCfg = Release|Any CPU
		{037FC3BA-3714-40BB-978D-EADFA3881521}.Release|Any CPU.Build.0 = Release|Any CPU
	EndGlobalSection
	GlobalSection(SolutionProperties) = preSolution
		HideSolutionNode = FALSE
	EndGlobalSection
	GlobalSection(ExtensibilityGlobals) = postSolution
		SolutionGuid = {546751E4-CC2C-4087-B842-09E5D634AD77}
	EndGlobalSection
EndGlobal
